// !$*UTF8*$!
{
	archiveVersion = 1;
	classes = {
	};
	objectVersion = 51;
	objects = {

/* Begin PBXBuildFile section */
		06D5EFE667B66E5F51133AD1 /* Pods_StalkCentral_StalkCentralUITests.framework in Frameworks */ = {isa = PBXBuildFile; fileRef = 6F32EE35C7DB1F3D9460F77E /* Pods_StalkCentral_StalkCentralUITests.framework */; };
		0A75F321243680A80035E665 /* Authentication.swift in Sources */ = {isa = PBXBuildFile; fileRef = 0A75F320243680A80035E665 /* Authentication.swift */; };
		0A75F323243684990035E665 /* LoginDelegates.swift in Sources */ = {isa = PBXBuildFile; fileRef = 0A75F322243684990035E665 /* LoginDelegates.swift */; };
		0AC76A6024365CC500325857 /* AppDelegate.swift in Sources */ = {isa = PBXBuildFile; fileRef = 0AC76A5F24365CC500325857 /* AppDelegate.swift */; };
		0AC76A6224365CC500325857 /* SceneDelegate.swift in Sources */ = {isa = PBXBuildFile; fileRef = 0AC76A6124365CC500325857 /* SceneDelegate.swift */; };
		0AC76A6424365CC500325857 /* ContentView.swift in Sources */ = {isa = PBXBuildFile; fileRef = 0AC76A6324365CC500325857 /* ContentView.swift */; };
		0AC76A6624365CC700325857 /* Assets.xcassets in Resources */ = {isa = PBXBuildFile; fileRef = 0AC76A6524365CC700325857 /* Assets.xcassets */; };
		0AC76A6924365CC700325857 /* Preview Assets.xcassets in Resources */ = {isa = PBXBuildFile; fileRef = 0AC76A6824365CC700325857 /* Preview Assets.xcassets */; };
		0AC76A6C24365CC700325857 /* LaunchScreen.storyboard in Resources */ = {isa = PBXBuildFile; fileRef = 0AC76A6A24365CC700325857 /* LaunchScreen.storyboard */; };
		0AC76A7724365CC700325857 /* StalkCentralTests.swift in Sources */ = {isa = PBXBuildFile; fileRef = 0AC76A7624365CC700325857 /* StalkCentralTests.swift */; };
		0AC76A8224365CC800325857 /* StalkCentralUITests.swift in Sources */ = {isa = PBXBuildFile; fileRef = 0AC76A8124365CC800325857 /* StalkCentralUITests.swift */; };
		0AC76A9024365D9C00325857 /* GoogleService-Info.plist in Resources */ = {isa = PBXBuildFile; fileRef = 0AC76A8F24365D9C00325857 /* GoogleService-Info.plist */; };
		0ACD12DE2436604700488224 /* LoginView.swift in Sources */ = {isa = PBXBuildFile; fileRef = 0ACD12DD2436604700488224 /* LoginView.swift */; };
		0ACD12E0243663B100488224 /* Session.swift in Sources */ = {isa = PBXBuildFile; fileRef = 0ACD12DF243663B100488224 /* Session.swift */; };
		0B8FF451918AEA7DA71B98AE /* Pods_StalkCentralTests.framework in Frameworks */ = {isa = PBXBuildFile; fileRef = 7146398A5693FEB52EE344AF /* Pods_StalkCentralTests.framework */; };
		A316493C07E4051DD1B9505F /* Pods_StalkCentral.framework in Frameworks */ = {isa = PBXBuildFile; fileRef = 2D893425813505635D8A4AD3 /* Pods_StalkCentral.framework */; };
/* End PBXBuildFile section */

/* Begin PBXContainerItemProxy section */
		0AC76A7324365CC700325857 /* PBXContainerItemProxy */ = {
			isa = PBXContainerItemProxy;
			containerPortal = 0AC76A5424365CC500325857 /* Project object */;
			proxyType = 1;
			remoteGlobalIDString = 0AC76A5B24365CC500325857;
			remoteInfo = StalkCentral;
		};
		0AC76A7E24365CC800325857 /* PBXContainerItemProxy */ = {
			isa = PBXContainerItemProxy;
			containerPortal = 0AC76A5424365CC500325857 /* Project object */;
			proxyType = 1;
			remoteGlobalIDString = 0AC76A5B24365CC500325857;
			remoteInfo = StalkCentral;
		};
/* End PBXContainerItemProxy section */

/* Begin PBXFileReference section */
		08DC937EDF4BCCF29A92337A /* Pods-StalkCentral-StalkCentralUITests.debug.xcconfig */ = {isa = PBXFileReference; includeInIndex = 1; lastKnownFileType = text.xcconfig; name = "Pods-StalkCentral-StalkCentralUITests.debug.xcconfig"; path = "Target Support Files/Pods-StalkCentral-StalkCentralUITests/Pods-StalkCentral-StalkCentralUITests.debug.xcconfig"; sourceTree = "<group>"; };
		0A75F31F2436770F0035E665 /* StalkCentral.entitlements */ = {isa = PBXFileReference; lastKnownFileType = text.plist.entitlements; path = StalkCentral.entitlements; sourceTree = "<group>"; };
		0A75F320243680A80035E665 /* Authentication.swift */ = {isa = PBXFileReference; lastKnownFileType = sourcecode.swift; path = Authentication.swift; sourceTree = "<group>"; };
		0A75F322243684990035E665 /* LoginDelegates.swift */ = {isa = PBXFileReference; lastKnownFileType = sourcecode.swift; path = LoginDelegates.swift; sourceTree = "<group>"; };
		0AC76A5C24365CC500325857 /* StalkCentral.app */ = {isa = PBXFileReference; explicitFileType = wrapper.application; includeInIndex = 0; path = StalkCentral.app; sourceTree = BUILT_PRODUCTS_DIR; };
		0AC76A5F24365CC500325857 /* AppDelegate.swift */ = {isa = PBXFileReference; lastKnownFileType = sourcecode.swift; path = AppDelegate.swift; sourceTree = "<group>"; };
		0AC76A6124365CC500325857 /* SceneDelegate.swift */ = {isa = PBXFileReference; lastKnownFileType = sourcecode.swift; path = SceneDelegate.swift; sourceTree = "<group>"; };
		0AC76A6324365CC500325857 /* ContentView.swift */ = {isa = PBXFileReference; lastKnownFileType = sourcecode.swift; path = ContentView.swift; sourceTree = "<group>"; };
		0AC76A6524365CC700325857 /* Assets.xcassets */ = {isa = PBXFileReference; lastKnownFileType = folder.assetcatalog; path = Assets.xcassets; sourceTree = "<group>"; };
		0AC76A6824365CC700325857 /* Preview Assets.xcassets */ = {isa = PBXFileReference; lastKnownFileType = folder.assetcatalog; path = "Preview Assets.xcassets"; sourceTree = "<group>"; };
		0AC76A6B24365CC700325857 /* Base */ = {isa = PBXFileReference; lastKnownFileType = file.storyboard; name = Base; path = Base.lproj/LaunchScreen.storyboard; sourceTree = "<group>"; };
		0AC76A6D24365CC700325857 /* Info.plist */ = {isa = PBXFileReference; lastKnownFileType = text.plist.xml; path = Info.plist; sourceTree = "<group>"; };
		0AC76A7224365CC700325857 /* StalkCentralTests.xctest */ = {isa = PBXFileReference; explicitFileType = wrapper.cfbundle; includeInIndex = 0; path = StalkCentralTests.xctest; sourceTree = BUILT_PRODUCTS_DIR; };
		0AC76A7624365CC700325857 /* StalkCentralTests.swift */ = {isa = PBXFileReference; lastKnownFileType = sourcecode.swift; path = StalkCentralTests.swift; sourceTree = "<group>"; };
		0AC76A7824365CC700325857 /* Info.plist */ = {isa = PBXFileReference; lastKnownFileType = text.plist.xml; path = Info.plist; sourceTree = "<group>"; };
		0AC76A7D24365CC800325857 /* StalkCentralUITests.xctest */ = {isa = PBXFileReference; explicitFileType = wrapper.cfbundle; includeInIndex = 0; path = StalkCentralUITests.xctest; sourceTree = BUILT_PRODUCTS_DIR; };
		0AC76A8124365CC800325857 /* StalkCentralUITests.swift */ = {isa = PBXFileReference; lastKnownFileType = sourcecode.swift; path = StalkCentralUITests.swift; sourceTree = "<group>"; };
		0AC76A8324365CC800325857 /* Info.plist */ = {isa = PBXFileReference; lastKnownFileType = text.plist.xml; path = Info.plist; sourceTree = "<group>"; };
		0AC76A8F24365D9C00325857 /* GoogleService-Info.plist */ = {isa = PBXFileReference; fileEncoding = 4; lastKnownFileType = text.plist.xml; path = "GoogleService-Info.plist"; sourceTree = "<group>"; };
		0ACD12DD2436604700488224 /* LoginView.swift */ = {isa = PBXFileReference; lastKnownFileType = sourcecode.swift; path = LoginView.swift; sourceTree = "<group>"; };
		0ACD12DF243663B100488224 /* Session.swift */ = {isa = PBXFileReference; lastKnownFileType = sourcecode.swift; path = Session.swift; sourceTree = "<group>"; };
		2730BF5454A7253FF17EF007 /* Pods-StalkCentralTests.release.xcconfig */ = {isa = PBXFileReference; includeInIndex = 1; lastKnownFileType = text.xcconfig; name = "Pods-StalkCentralTests.release.xcconfig"; path = "Target Support Files/Pods-StalkCentralTests/Pods-StalkCentralTests.release.xcconfig"; sourceTree = "<group>"; };
		2D893425813505635D8A4AD3 /* Pods_StalkCentral.framework */ = {isa = PBXFileReference; explicitFileType = wrapper.framework; includeInIndex = 0; path = Pods_StalkCentral.framework; sourceTree = BUILT_PRODUCTS_DIR; };
		2EBC30C7F8E0123DEA72F870 /* Pods-StalkCentral.release.xcconfig */ = {isa = PBXFileReference; includeInIndex = 1; lastKnownFileType = text.xcconfig; name = "Pods-StalkCentral.release.xcconfig"; path = "Target Support Files/Pods-StalkCentral/Pods-StalkCentral.release.xcconfig"; sourceTree = "<group>"; };
		307BD55C4E35E0B2733F8D65 /* Pods-StalkCentral.debug.xcconfig */ = {isa = PBXFileReference; includeInIndex = 1; lastKnownFileType = text.xcconfig; name = "Pods-StalkCentral.debug.xcconfig"; path = "Target Support Files/Pods-StalkCentral/Pods-StalkCentral.debug.xcconfig"; sourceTree = "<group>"; };
		40F909D64EB81D23C6D0E938 /* Pods-StalkCentralTests.debug.xcconfig */ = {isa = PBXFileReference; includeInIndex = 1; lastKnownFileType = text.xcconfig; name = "Pods-StalkCentralTests.debug.xcconfig"; path = "Target Support Files/Pods-StalkCentralTests/Pods-StalkCentralTests.debug.xcconfig"; sourceTree = "<group>"; };
		6F32EE35C7DB1F3D9460F77E /* Pods_StalkCentral_StalkCentralUITests.framework */ = {isa = PBXFileReference; explicitFileType = wrapper.framework; includeInIndex = 0; path = Pods_StalkCentral_StalkCentralUITests.framework; sourceTree = BUILT_PRODUCTS_DIR; };
		7146398A5693FEB52EE344AF /* Pods_StalkCentralTests.framework */ = {isa = PBXFileReference; explicitFileType = wrapper.framework; includeInIndex = 0; path = Pods_StalkCentralTests.framework; sourceTree = BUILT_PRODUCTS_DIR; };
		A1ED9562D8A993B32134BCDA /* Pods-StalkCentral-StalkCentralUITests.release.xcconfig */ = {isa = PBXFileReference; includeInIndex = 1; lastKnownFileType = text.xcconfig; name = "Pods-StalkCentral-StalkCentralUITests.release.xcconfig"; path = "Target Support Files/Pods-StalkCentral-StalkCentralUITests/Pods-StalkCentral-StalkCentralUITests.release.xcconfig"; sourceTree = "<group>"; };
/* End PBXFileReference section */

/* Begin PBXFrameworksBuildPhase section */
		0AC76A5924365CC500325857 /* Frameworks */ = {
			isa = PBXFrameworksBuildPhase;
			buildActionMask = 2147483647;
			files = (
				A316493C07E4051DD1B9505F /* Pods_StalkCentral.framework in Frameworks */,
			);
			runOnlyForDeploymentPostprocessing = 0;
		};
		0AC76A6F24365CC700325857 /* Frameworks */ = {
			isa = PBXFrameworksBuildPhase;
			buildActionMask = 2147483647;
			files = (
				0B8FF451918AEA7DA71B98AE /* Pods_StalkCentralTests.framework in Frameworks */,
			);
			runOnlyForDeploymentPostprocessing = 0;
		};
		0AC76A7A24365CC700325857 /* Frameworks */ = {
			isa = PBXFrameworksBuildPhase;
			buildActionMask = 2147483647;
			files = (
				06D5EFE667B66E5F51133AD1 /* Pods_StalkCentral_StalkCentralUITests.framework in Frameworks */,
			);
			runOnlyForDeploymentPostprocessing = 0;
		};
/* End PBXFrameworksBuildPhase section */

/* Begin PBXGroup section */
		0AC76A5324365CC500325857 = {
			isa = PBXGroup;
			children = (
				0AC76A5E24365CC500325857 /* StalkCentral */,
				0AC76A7524365CC700325857 /* StalkCentralTests */,
				0AC76A8024365CC800325857 /* StalkCentralUITests */,
				0AC76A5D24365CC500325857 /* Products */,
				AC045157A11F6497D4A2682A /* Pods */,
				88AF7DCE3C597BA51B034B27 /* Frameworks */,
			);
			sourceTree = "<group>";
		};
		0AC76A5D24365CC500325857 /* Products */ = {
			isa = PBXGroup;
			children = (
				0AC76A5C24365CC500325857 /* StalkCentral.app */,
				0AC76A7224365CC700325857 /* StalkCentralTests.xctest */,
				0AC76A7D24365CC800325857 /* StalkCentralUITests.xctest */,
			);
			name = Products;
			sourceTree = "<group>";
		};
		0AC76A5E24365CC500325857 /* StalkCentral */ = {
			isa = PBXGroup;
			children = (
				0A75F31F2436770F0035E665 /* StalkCentral.entitlements */,
				0AC76A5F24365CC500325857 /* AppDelegate.swift */,
				0AC76A6124365CC500325857 /* SceneDelegate.swift */,
				0AC76A6324365CC500325857 /* ContentView.swift */,
				0AC76A6524365CC700325857 /* Assets.xcassets */,
				0AC76A6A24365CC700325857 /* LaunchScreen.storyboard */,
				0AC76A8F24365D9C00325857 /* GoogleService-Info.plist */,
				0AC76A6D24365CC700325857 /* Info.plist */,
				0AC76A6724365CC700325857 /* Preview Content */,
				0ACD12DD2436604700488224 /* LoginView.swift */,
				0A75F322243684990035E665 /* LoginDelegates.swift */,
				0ACD12DF243663B100488224 /* Session.swift */,
				0A75F320243680A80035E665 /* Authentication.swift */,
			);
			path = StalkCentral;
			sourceTree = "<group>";
		};
		0AC76A6724365CC700325857 /* Preview Content */ = {
			isa = PBXGroup;
			children = (
				0AC76A6824365CC700325857 /* Preview Assets.xcassets */,
			);
			path = "Preview Content";
			sourceTree = "<group>";
		};
		0AC76A7524365CC700325857 /* StalkCentralTests */ = {
			isa = PBXGroup;
			children = (
				0AC76A7624365CC700325857 /* StalkCentralTests.swift */,
				0AC76A7824365CC700325857 /* Info.plist */,
			);
			path = StalkCentralTests;
			sourceTree = "<group>";
		};
		0AC76A8024365CC800325857 /* StalkCentralUITests */ = {
			isa = PBXGroup;
			children = (
				0AC76A8124365CC800325857 /* StalkCentralUITests.swift */,
				0AC76A8324365CC800325857 /* Info.plist */,
			);
			path = StalkCentralUITests;
			sourceTree = "<group>";
		};
		88AF7DCE3C597BA51B034B27 /* Frameworks */ = {
			isa = PBXGroup;
			children = (
				2D893425813505635D8A4AD3 /* Pods_StalkCentral.framework */,
				6F32EE35C7DB1F3D9460F77E /* Pods_StalkCentral_StalkCentralUITests.framework */,
				7146398A5693FEB52EE344AF /* Pods_StalkCentralTests.framework */,
			);
			name = Frameworks;
			sourceTree = "<group>";
		};
		AC045157A11F6497D4A2682A /* Pods */ = {
			isa = PBXGroup;
			children = (
				307BD55C4E35E0B2733F8D65 /* Pods-StalkCentral.debug.xcconfig */,
				2EBC30C7F8E0123DEA72F870 /* Pods-StalkCentral.release.xcconfig */,
				08DC937EDF4BCCF29A92337A /* Pods-StalkCentral-StalkCentralUITests.debug.xcconfig */,
				A1ED9562D8A993B32134BCDA /* Pods-StalkCentral-StalkCentralUITests.release.xcconfig */,
				40F909D64EB81D23C6D0E938 /* Pods-StalkCentralTests.debug.xcconfig */,
				2730BF5454A7253FF17EF007 /* Pods-StalkCentralTests.release.xcconfig */,
			);
			path = Pods;
			sourceTree = "<group>";
		};
/* End PBXGroup section */

/* Begin PBXNativeTarget section */
		0AC76A5B24365CC500325857 /* StalkCentral */ = {
			isa = PBXNativeTarget;
			buildConfigurationList = 0AC76A8624365CC800325857 /* Build configuration list for PBXNativeTarget "StalkCentral" */;
			buildPhases = (
				5108562004CD871EB27CD2EB /* [CP] Check Pods Manifest.lock */,
				0AC76A5824365CC500325857 /* Sources */,
				0AC76A5924365CC500325857 /* Frameworks */,
				0AC76A5A24365CC500325857 /* Resources */,
				8647B29A49C28B21FCA7487B /* [CP] Embed Pods Frameworks */,
			);
			buildRules = (
			);
			dependencies = (
			);
			name = StalkCentral;
			productName = StalkCentral;
			productReference = 0AC76A5C24365CC500325857 /* StalkCentral.app */;
			productType = "com.apple.product-type.application";
		};
		0AC76A7124365CC700325857 /* StalkCentralTests */ = {
			isa = PBXNativeTarget;
			buildConfigurationList = 0AC76A8924365CC800325857 /* Build configuration list for PBXNativeTarget "StalkCentralTests" */;
			buildPhases = (
				46B407672B016DD469FA4E5F /* [CP] Check Pods Manifest.lock */,
				0AC76A6E24365CC700325857 /* Sources */,
				0AC76A6F24365CC700325857 /* Frameworks */,
				0AC76A7024365CC700325857 /* Resources */,
			);
			buildRules = (
			);
			dependencies = (
				0AC76A7424365CC700325857 /* PBXTargetDependency */,
			);
			name = StalkCentralTests;
			productName = StalkCentralTests;
			productReference = 0AC76A7224365CC700325857 /* StalkCentralTests.xctest */;
			productType = "com.apple.product-type.bundle.unit-test";
		};
		0AC76A7C24365CC700325857 /* StalkCentralUITests */ = {
			isa = PBXNativeTarget;
			buildConfigurationList = 0AC76A8C24365CC800325857 /* Build configuration list for PBXNativeTarget "StalkCentralUITests" */;
			buildPhases = (
				848B69EDBD10EDB742488220 /* [CP] Check Pods Manifest.lock */,
				0AC76A7924365CC700325857 /* Sources */,
				0AC76A7A24365CC700325857 /* Frameworks */,
				0AC76A7B24365CC700325857 /* Resources */,
				AC999303D58B668EEC0FB3CF /* [CP] Embed Pods Frameworks */,
			);
			buildRules = (
			);
			dependencies = (
				0AC76A7F24365CC800325857 /* PBXTargetDependency */,
			);
			name = StalkCentralUITests;
			productName = StalkCentralUITests;
			productReference = 0AC76A7D24365CC800325857 /* StalkCentralUITests.xctest */;
			productType = "com.apple.product-type.bundle.ui-testing";
		};
/* End PBXNativeTarget section */

/* Begin PBXProject section */
		0AC76A5424365CC500325857 /* Project object */ = {
			isa = PBXProject;
			attributes = {
				LastSwiftUpdateCheck = 1140;
				LastUpgradeCheck = 1140;
				ORGANIZATIONNAME = "Kevin Sullivan";
				TargetAttributes = {
					0AC76A5B24365CC500325857 = {
						CreatedOnToolsVersion = 11.4;
					};
					0AC76A7124365CC700325857 = {
						CreatedOnToolsVersion = 11.4;
						TestTargetID = 0AC76A5B24365CC500325857;
					};
					0AC76A7C24365CC700325857 = {
						CreatedOnToolsVersion = 11.4;
						TestTargetID = 0AC76A5B24365CC500325857;
					};
				};
			};
			buildConfigurationList = 0AC76A5724365CC500325857 /* Build configuration list for PBXProject "StalkCentral" */;
			compatibilityVersion = "Xcode 9.3";
			developmentRegion = en;
			hasScannedForEncodings = 0;
			knownRegions = (
				en,
				Base,
			);
			mainGroup = 0AC76A5324365CC500325857;
			productRefGroup = 0AC76A5D24365CC500325857 /* Products */;
			projectDirPath = "";
			projectRoot = "";
			targets = (
				0AC76A5B24365CC500325857 /* StalkCentral */,
				0AC76A7124365CC700325857 /* StalkCentralTests */,
				0AC76A7C24365CC700325857 /* StalkCentralUITests */,
			);
		};
/* End PBXProject section */

/* Begin PBXResourcesBuildPhase section */
		0AC76A5A24365CC500325857 /* Resources */ = {
			isa = PBXResourcesBuildPhase;
			buildActionMask = 2147483647;
			files = (
				0AC76A6C24365CC700325857 /* LaunchScreen.storyboard in Resources */,
				0AC76A9024365D9C00325857 /* GoogleService-Info.plist in Resources */,
				0AC76A6924365CC700325857 /* Preview Assets.xcassets in Resources */,
				0AC76A6624365CC700325857 /* Assets.xcassets in Resources */,
			);
			runOnlyForDeploymentPostprocessing = 0;
		};
		0AC76A7024365CC700325857 /* Resources */ = {
			isa = PBXResourcesBuildPhase;
			buildActionMask = 2147483647;
			files = (
			);
			runOnlyForDeploymentPostprocessing = 0;
		};
		0AC76A7B24365CC700325857 /* Resources */ = {
			isa = PBXResourcesBuildPhase;
			buildActionMask = 2147483647;
			files = (
			);
			runOnlyForDeploymentPostprocessing = 0;
		};
/* End PBXResourcesBuildPhase section */

/* Begin PBXShellScriptBuildPhase section */
		46B407672B016DD469FA4E5F /* [CP] Check Pods Manifest.lock */ = {
			isa = PBXShellScriptBuildPhase;
			buildActionMask = 2147483647;
			files = (
			);
			inputFileListPaths = (
			);
			inputPaths = (
				"${PODS_PODFILE_DIR_PATH}/Podfile.lock",
				"${PODS_ROOT}/Manifest.lock",
			);
			name = "[CP] Check Pods Manifest.lock";
			outputFileListPaths = (
			);
			outputPaths = (
				"$(DERIVED_FILE_DIR)/Pods-StalkCentralTests-checkManifestLockResult.txt",
			);
			runOnlyForDeploymentPostprocessing = 0;
			shellPath = /bin/sh;
			shellScript = "diff \"${PODS_PODFILE_DIR_PATH}/Podfile.lock\" \"${PODS_ROOT}/Manifest.lock\" > /dev/null\nif [ $? != 0 ] ; then\n    # print error to STDERR\n    echo \"error: The sandbox is not in sync with the Podfile.lock. Run 'pod install' or update your CocoaPods installation.\" >&2\n    exit 1\nfi\n# This output is used by Xcode 'outputs' to avoid re-running this script phase.\necho \"SUCCESS\" > \"${SCRIPT_OUTPUT_FILE_0}\"\n";
			showEnvVarsInLog = 0;
		};
		5108562004CD871EB27CD2EB /* [CP] Check Pods Manifest.lock */ = {
			isa = PBXShellScriptBuildPhase;
			buildActionMask = 2147483647;
			files = (
			);
			inputFileListPaths = (
			);
			inputPaths = (
				"${PODS_PODFILE_DIR_PATH}/Podfile.lock",
				"${PODS_ROOT}/Manifest.lock",
			);
			name = "[CP] Check Pods Manifest.lock";
			outputFileListPaths = (
			);
			outputPaths = (
				"$(DERIVED_FILE_DIR)/Pods-StalkCentral-checkManifestLockResult.txt",
			);
			runOnlyForDeploymentPostprocessing = 0;
			shellPath = /bin/sh;
			shellScript = "diff \"${PODS_PODFILE_DIR_PATH}/Podfile.lock\" \"${PODS_ROOT}/Manifest.lock\" > /dev/null\nif [ $? != 0 ] ; then\n    # print error to STDERR\n    echo \"error: The sandbox is not in sync with the Podfile.lock. Run 'pod install' or update your CocoaPods installation.\" >&2\n    exit 1\nfi\n# This output is used by Xcode 'outputs' to avoid re-running this script phase.\necho \"SUCCESS\" > \"${SCRIPT_OUTPUT_FILE_0}\"\n";
			showEnvVarsInLog = 0;
		};
		848B69EDBD10EDB742488220 /* [CP] Check Pods Manifest.lock */ = {
			isa = PBXShellScriptBuildPhase;
			buildActionMask = 2147483647;
			files = (
			);
			inputFileListPaths = (
			);
			inputPaths = (
				"${PODS_PODFILE_DIR_PATH}/Podfile.lock",
				"${PODS_ROOT}/Manifest.lock",
			);
			name = "[CP] Check Pods Manifest.lock";
			outputFileListPaths = (
			);
			outputPaths = (
				"$(DERIVED_FILE_DIR)/Pods-StalkCentral-StalkCentralUITests-checkManifestLockResult.txt",
			);
			runOnlyForDeploymentPostprocessing = 0;
			shellPath = /bin/sh;
			shellScript = "diff \"${PODS_PODFILE_DIR_PATH}/Podfile.lock\" \"${PODS_ROOT}/Manifest.lock\" > /dev/null\nif [ $? != 0 ] ; then\n    # print error to STDERR\n    echo \"error: The sandbox is not in sync with the Podfile.lock. Run 'pod install' or update your CocoaPods installation.\" >&2\n    exit 1\nfi\n# This output is used by Xcode 'outputs' to avoid re-running this script phase.\necho \"SUCCESS\" > \"${SCRIPT_OUTPUT_FILE_0}\"\n";
			showEnvVarsInLog = 0;
		};
		8647B29A49C28B21FCA7487B /* [CP] Embed Pods Frameworks */ = {
			isa = PBXShellScriptBuildPhase;
			buildActionMask = 2147483647;
			files = (
			);
			inputFileListPaths = (
				"${PODS_ROOT}/Target Support Files/Pods-StalkCentral/Pods-StalkCentral-frameworks-${CONFIGURATION}-input-files.xcfilelist",
			);
			name = "[CP] Embed Pods Frameworks";
			outputFileListPaths = (
				"${PODS_ROOT}/Target Support Files/Pods-StalkCentral/Pods-StalkCentral-frameworks-${CONFIGURATION}-output-files.xcfilelist",
			);
			runOnlyForDeploymentPostprocessing = 0;
			shellPath = /bin/sh;
			shellScript = "\"${PODS_ROOT}/Target Support Files/Pods-StalkCentral/Pods-StalkCentral-frameworks.sh\"\n";
			showEnvVarsInLog = 0;
		};
		AC999303D58B668EEC0FB3CF /* [CP] Embed Pods Frameworks */ = {
			isa = PBXShellScriptBuildPhase;
			buildActionMask = 2147483647;
			files = (
			);
			inputFileListPaths = (
				"${PODS_ROOT}/Target Support Files/Pods-StalkCentral-StalkCentralUITests/Pods-StalkCentral-StalkCentralUITests-frameworks-${CONFIGURATION}-input-files.xcfilelist",
			);
			name = "[CP] Embed Pods Frameworks";
			outputFileListPaths = (
				"${PODS_ROOT}/Target Support Files/Pods-StalkCentral-StalkCentralUITests/Pods-StalkCentral-StalkCentralUITests-frameworks-${CONFIGURATION}-output-files.xcfilelist",
			);
			runOnlyForDeploymentPostprocessing = 0;
			shellPath = /bin/sh;
			shellScript = "\"${PODS_ROOT}/Target Support Files/Pods-StalkCentral-StalkCentralUITests/Pods-StalkCentral-StalkCentralUITests-frameworks.sh\"\n";
			showEnvVarsInLog = 0;
		};
/* End PBXShellScriptBuildPhase section */

/* Begin PBXSourcesBuildPhase section */
		0AC76A5824365CC500325857 /* Sources */ = {
			isa = PBXSourcesBuildPhase;
			buildActionMask = 2147483647;
			files = (
				0AC76A6024365CC500325857 /* AppDelegate.swift in Sources */,
				0AC76A6224365CC500325857 /* SceneDelegate.swift in Sources */,
				0A75F323243684990035E665 /* LoginDelegates.swift in Sources */,
				0ACD12DE2436604700488224 /* LoginView.swift in Sources */,
				0AC76A6424365CC500325857 /* ContentView.swift in Sources */,
				0ACD12E0243663B100488224 /* Session.swift in Sources */,
				0A75F321243680A80035E665 /* Authentication.swift in Sources */,
			);
			runOnlyForDeploymentPostprocessing = 0;
		};
		0AC76A6E24365CC700325857 /* Sources */ = {
			isa = PBXSourcesBuildPhase;
			buildActionMask = 2147483647;
			files = (
				0AC76A7724365CC700325857 /* StalkCentralTests.swift in Sources */,
			);
			runOnlyForDeploymentPostprocessing = 0;
		};
		0AC76A7924365CC700325857 /* Sources */ = {
			isa = PBXSourcesBuildPhase;
			buildActionMask = 2147483647;
			files = (
				0AC76A8224365CC800325857 /* StalkCentralUITests.swift in Sources */,
			);
			runOnlyForDeploymentPostprocessing = 0;
		};
/* End PBXSourcesBuildPhase section */

/* Begin PBXTargetDependency section */
		0AC76A7424365CC700325857 /* PBXTargetDependency */ = {
			isa = PBXTargetDependency;
			target = 0AC76A5B24365CC500325857 /* StalkCentral */;
			targetProxy = 0AC76A7324365CC700325857 /* PBXContainerItemProxy */;
		};
		0AC76A7F24365CC800325857 /* PBXTargetDependency */ = {
			isa = PBXTargetDependency;
			target = 0AC76A5B24365CC500325857 /* StalkCentral */;
			targetProxy = 0AC76A7E24365CC800325857 /* PBXContainerItemProxy */;
		};
/* End PBXTargetDependency section */

/* Begin PBXVariantGroup section */
		0AC76A6A24365CC700325857 /* LaunchScreen.storyboard */ = {
			isa = PBXVariantGroup;
			children = (
				0AC76A6B24365CC700325857 /* Base */,
			);
			name = LaunchScreen.storyboard;
			sourceTree = "<group>";
		};
/* End PBXVariantGroup section */

/* Begin XCBuildConfiguration section */
		0AC76A8424365CC800325857 /* Debug */ = {
			isa = XCBuildConfiguration;
			buildSettings = {
				ALWAYS_SEARCH_USER_PATHS = NO;
				CLANG_ANALYZER_NONNULL = YES;
				CLANG_ANALYZER_NUMBER_OBJECT_CONVERSION = YES_AGGRESSIVE;
				CLANG_CXX_LANGUAGE_STANDARD = "gnu++14";
				CLANG_CXX_LIBRARY = "libc++";
				CLANG_ENABLE_MODULES = YES;
				CLANG_ENABLE_OBJC_ARC = YES;
				CLANG_ENABLE_OBJC_WEAK = YES;
				CLANG_WARN_BLOCK_CAPTURE_AUTORELEASING = YES;
				CLANG_WARN_BOOL_CONVERSION = YES;
				CLANG_WARN_COMMA = YES;
				CLANG_WARN_CONSTANT_CONVERSION = YES;
				CLANG_WARN_DEPRECATED_OBJC_IMPLEMENTATIONS = YES;
				CLANG_WARN_DIRECT_OBJC_ISA_USAGE = YES_ERROR;
				CLANG_WARN_DOCUMENTATION_COMMENTS = YES;
				CLANG_WARN_EMPTY_BODY = YES;
				CLANG_WARN_ENUM_CONVERSION = YES;
				CLANG_WARN_INFINITE_RECURSION = YES;
				CLANG_WARN_INT_CONVERSION = YES;
				CLANG_WARN_NON_LITERAL_NULL_CONVERSION = YES;
				CLANG_WARN_OBJC_IMPLICIT_RETAIN_SELF = YES;
				CLANG_WARN_OBJC_LITERAL_CONVERSION = YES;
				CLANG_WARN_OBJC_ROOT_CLASS = YES_ERROR;
				CLANG_WARN_RANGE_LOOP_ANALYSIS = YES;
				CLANG_WARN_STRICT_PROTOTYPES = YES;
				CLANG_WARN_SUSPICIOUS_MOVE = YES;
				CLANG_WARN_UNGUARDED_AVAILABILITY = YES_AGGRESSIVE;
				CLANG_WARN_UNREACHABLE_CODE = YES;
				CLANG_WARN__DUPLICATE_METHOD_MATCH = YES;
				COPY_PHASE_STRIP = NO;
				DEBUG_INFORMATION_FORMAT = dwarf;
				ENABLE_STRICT_OBJC_MSGSEND = YES;
				ENABLE_TESTABILITY = YES;
				GCC_C_LANGUAGE_STANDARD = gnu11;
				GCC_DYNAMIC_NO_PIC = NO;
				GCC_NO_COMMON_BLOCKS = YES;
				GCC_OPTIMIZATION_LEVEL = 0;
				GCC_PREPROCESSOR_DEFINITIONS = (
					"DEBUG=1",
					"$(inherited)",
				);
				GCC_WARN_64_TO_32_BIT_CONVERSION = YES;
				GCC_WARN_ABOUT_RETURN_TYPE = YES_ERROR;
				GCC_WARN_UNDECLARED_SELECTOR = YES;
				GCC_WARN_UNINITIALIZED_AUTOS = YES_AGGRESSIVE;
				GCC_WARN_UNUSED_FUNCTION = YES;
				GCC_WARN_UNUSED_VARIABLE = YES;
				IPHONEOS_DEPLOYMENT_TARGET = 13.4;
				MTL_ENABLE_DEBUG_INFO = INCLUDE_SOURCE;
				MTL_FAST_MATH = YES;
				ONLY_ACTIVE_ARCH = YES;
				SDKROOT = iphoneos;
				SWIFT_ACTIVE_COMPILATION_CONDITIONS = DEBUG;
				SWIFT_OPTIMIZATION_LEVEL = "-Onone";
			};
			name = Debug;
		};
		0AC76A8524365CC800325857 /* Release */ = {
			isa = XCBuildConfiguration;
			buildSettings = {
				ALWAYS_SEARCH_USER_PATHS = NO;
				CLANG_ANALYZER_NONNULL = YES;
				CLANG_ANALYZER_NUMBER_OBJECT_CONVERSION = YES_AGGRESSIVE;
				CLANG_CXX_LANGUAGE_STANDARD = "gnu++14";
				CLANG_CXX_LIBRARY = "libc++";
				CLANG_ENABLE_MODULES = YES;
				CLANG_ENABLE_OBJC_ARC = YES;
				CLANG_ENABLE_OBJC_WEAK = YES;
				CLANG_WARN_BLOCK_CAPTURE_AUTORELEASING = YES;
				CLANG_WARN_BOOL_CONVERSION = YES;
				CLANG_WARN_COMMA = YES;
				CLANG_WARN_CONSTANT_CONVERSION = YES;
				CLANG_WARN_DEPRECATED_OBJC_IMPLEMENTATIONS = YES;
				CLANG_WARN_DIRECT_OBJC_ISA_USAGE = YES_ERROR;
				CLANG_WARN_DOCUMENTATION_COMMENTS = YES;
				CLANG_WARN_EMPTY_BODY = YES;
				CLANG_WARN_ENUM_CONVERSION = YES;
				CLANG_WARN_INFINITE_RECURSION = YES;
				CLANG_WARN_INT_CONVERSION = YES;
				CLANG_WARN_NON_LITERAL_NULL_CONVERSION = YES;
				CLANG_WARN_OBJC_IMPLICIT_RETAIN_SELF = YES;
				CLANG_WARN_OBJC_LITERAL_CONVERSION = YES;
				CLANG_WARN_OBJC_ROOT_CLASS = YES_ERROR;
				CLANG_WARN_RANGE_LOOP_ANALYSIS = YES;
				CLANG_WARN_STRICT_PROTOTYPES = YES;
				CLANG_WARN_SUSPICIOUS_MOVE = YES;
				CLANG_WARN_UNGUARDED_AVAILABILITY = YES_AGGRESSIVE;
				CLANG_WARN_UNREACHABLE_CODE = YES;
				CLANG_WARN__DUPLICATE_METHOD_MATCH = YES;
				COPY_PHASE_STRIP = NO;
				DEBUG_INFORMATION_FORMAT = "dwarf-with-dsym";
				ENABLE_NS_ASSERTIONS = NO;
				ENABLE_STRICT_OBJC_MSGSEND = YES;
				GCC_C_LANGUAGE_STANDARD = gnu11;
				GCC_NO_COMMON_BLOCKS = YES;
				GCC_WARN_64_TO_32_BIT_CONVERSION = YES;
				GCC_WARN_ABOUT_RETURN_TYPE = YES_ERROR;
				GCC_WARN_UNDECLARED_SELECTOR = YES;
				GCC_WARN_UNINITIALIZED_AUTOS = YES_AGGRESSIVE;
				GCC_WARN_UNUSED_FUNCTION = YES;
				GCC_WARN_UNUSED_VARIABLE = YES;
				IPHONEOS_DEPLOYMENT_TARGET = 13.4;
				MTL_ENABLE_DEBUG_INFO = NO;
				MTL_FAST_MATH = YES;
				SDKROOT = iphoneos;
				SWIFT_COMPILATION_MODE = wholemodule;
				SWIFT_OPTIMIZATION_LEVEL = "-O";
				VALIDATE_PRODUCT = YES;
			};
			name = Release;
		};
		0AC76A8724365CC800325857 /* Debug */ = {
			isa = XCBuildConfiguration;
			baseConfigurationReference = 307BD55C4E35E0B2733F8D65 /* Pods-StalkCentral.debug.xcconfig */;
			buildSettings = {
				ASSETCATALOG_COMPILER_APPICON_NAME = AppIcon;
				CODE_SIGN_ENTITLEMENTS = StalkCentral/StalkCentral.entitlements;
				CODE_SIGN_STYLE = Automatic;
				CURRENT_PROJECT_VERSION = 5;
				DEVELOPMENT_ASSET_PATHS = "\"StalkCentral/Preview Content\"";
				DEVELOPMENT_TEAM = S7BT87895F;
				ENABLE_PREVIEWS = YES;
				INFOPLIST_FILE = StalkCentral/Info.plist;
				LD_RUNPATH_SEARCH_PATHS = (
					"$(inherited)",
					"@executable_path/Frameworks",
				);
				MARKETING_VERSION = 0.0.1;
				PRODUCT_BUNDLE_IDENTIFIER = com.sideapps.StalkCentral;
				PRODUCT_NAME = "$(TARGET_NAME)";
				SWIFT_VERSION = 5.0;
				TARGETED_DEVICE_FAMILY = 1;
				VERSIONING_SYSTEM = "apple-generic";
			};
			name = Debug;
		};
		0AC76A8824365CC800325857 /* Release */ = {
			isa = XCBuildConfiguration;
			baseConfigurationReference = 2EBC30C7F8E0123DEA72F870 /* Pods-StalkCentral.release.xcconfig */;
			buildSettings = {
				ASSETCATALOG_COMPILER_APPICON_NAME = AppIcon;
				CODE_SIGN_ENTITLEMENTS = StalkCentral/StalkCentral.entitlements;
				CODE_SIGN_STYLE = Automatic;
				CURRENT_PROJECT_VERSION = 5;
				DEVELOPMENT_ASSET_PATHS = "\"StalkCentral/Preview Content\"";
				DEVELOPMENT_TEAM = S7BT87895F;
				ENABLE_PREVIEWS = YES;
				INFOPLIST_FILE = StalkCentral/Info.plist;
				LD_RUNPATH_SEARCH_PATHS = (
					"$(inherited)",
					"@executable_path/Frameworks",
				);
				MARKETING_VERSION = 0.0.1;
				PRODUCT_BUNDLE_IDENTIFIER = com.sideapps.StalkCentral;
				PRODUCT_NAME = "$(TARGET_NAME)";
				SWIFT_VERSION = 5.0;
				TARGETED_DEVICE_FAMILY = 1;
				VERSIONING_SYSTEM = "apple-generic";
			};
			name = Release;
		};
		0AC76A8A24365CC800325857 /* Debug */ = {
			isa = XCBuildConfiguration;
			baseConfigurationReference = 40F909D64EB81D23C6D0E938 /* Pods-StalkCentralTests.debug.xcconfig */;
			buildSettings = {
				ALWAYS_EMBED_SWIFT_STANDARD_LIBRARIES = YES;
				BUNDLE_LOADER = "$(TEST_HOST)";
				CODE_SIGN_STYLE = Automatic;
				DEVELOPMENT_TEAM = S7BT87895F;
				INFOPLIST_FILE = StalkCentralTests/Info.plist;
				IPHONEOS_DEPLOYMENT_TARGET = 13.4;
				LD_RUNPATH_SEARCH_PATHS = (
					"$(inherited)",
					"@executable_path/Frameworks",
					"@loader_path/Frameworks",
				);
				PRODUCT_BUNDLE_IDENTIFIER = com.sideapps.StalkCentralTests;
				PRODUCT_NAME = "$(TARGET_NAME)";
				SWIFT_VERSION = 5.0;
				TARGETED_DEVICE_FAMILY = "1,2";
				TEST_HOST = "$(BUILT_PRODUCTS_DIR)/StalkCentral.app/StalkCentral";
			};
			name = Debug;
		};
		0AC76A8B24365CC800325857 /* Release */ = {
			isa = XCBuildConfiguration;
			baseConfigurationReference = 2730BF5454A7253FF17EF007 /* Pods-StalkCentralTests.release.xcconfig */;
			buildSettings = {
				ALWAYS_EMBED_SWIFT_STANDARD_LIBRARIES = YES;
				BUNDLE_LOADER = "$(TEST_HOST)";
				CODE_SIGN_STYLE = Automatic;
				DEVELOPMENT_TEAM = S7BT87895F;
				INFOPLIST_FILE = StalkCentralTests/Info.plist;
				IPHONEOS_DEPLOYMENT_TARGET = 13.4;
				LD_RUNPATH_SEARCH_PATHS = (
					"$(inherited)",
					"@executable_path/Frameworks",
					"@loader_path/Frameworks",
				);
				PRODUCT_BUNDLE_IDENTIFIER = com.sideapps.StalkCentralTests;
				PRODUCT_NAME = "$(TARGET_NAME)";
				SWIFT_VERSION = 5.0;
				TARGETED_DEVICE_FAMILY = "1,2";
				TEST_HOST = "$(BUILT_PRODUCTS_DIR)/StalkCentral.app/StalkCentral";
			};
			name = Release;
		};
		0AC76A8D24365CC800325857 /* Debug */ = {
			isa = XCBuildConfiguration;
			baseConfigurationReference = 08DC937EDF4BCCF29A92337A /* Pods-StalkCentral-StalkCentralUITests.debug.xcconfig */;
			buildSettings = {
				ALWAYS_EMBED_SWIFT_STANDARD_LIBRARIES = YES;
				CODE_SIGN_STYLE = Automatic;
				DEVELOPMENT_TEAM = S7BT87895F;
				INFOPLIST_FILE = StalkCentralUITests/Info.plist;
				LD_RUNPATH_SEARCH_PATHS = (
					"$(inherited)",
					"@executable_path/Frameworks",
					"@loader_path/Frameworks",
				);
				PRODUCT_BUNDLE_IDENTIFIER = com.sideapps.StalkCentralUITests;
				PRODUCT_NAME = "$(TARGET_NAME)";
				SWIFT_VERSION = 5.0;
				TARGETED_DEVICE_FAMILY = "1,2";
				TEST_TARGET_NAME = StalkCentral;
			};
			name = Debug;
		};
		0AC76A8E24365CC800325857 /* Release */ = {
			isa = XCBuildConfiguration;
			baseConfigurationReference = A1ED9562D8A993B32134BCDA /* Pods-StalkCentral-StalkCentralUITests.release.xcconfig */;
			buildSettings = {
				ALWAYS_EMBED_SWIFT_STANDARD_LIBRARIES = YES;
				CODE_SIGN_STYLE = Automatic;
				DEVELOPMENT_TEAM = S7BT87895F;
				INFOPLIST_FILE = StalkCentralUITests/Info.plist;
				LD_RUNPATH_SEARCH_PATHS = (
					"$(inherited)",
					"@executable_path/Frameworks",
					"@loader_path/Frameworks",
				);
				PRODUCT_BUNDLE_IDENTIFIER = com.sideapps.StalkCentralUITests;
				PRODUCT_NAME = "$(TARGET_NAME)";
				SWIFT_VERSION = 5.0;
				TARGETED_DEVICE_FAMILY = "1,2";
				TEST_TARGET_NAME = StalkCentral;
			};
			name = Release;
		};
/* End XCBuildConfiguration section */

/* Begin XCConfigurationList section */
		0AC76A5724365CC500325857 /* Build configuration list for PBXProject "StalkCentral" */ = {
			isa = XCConfigurationList;
			buildConfigurations = (
				0AC76A8424365CC800325857 /* Debug */,
				0AC76A8524365CC800325857 /* Release */,
			);
			defaultConfigurationIsVisible = 0;
			defaultConfigurationName = Release;
		};
		0AC76A8624365CC800325857 /* Build configuration list for PBXNativeTarget "StalkCentral" */ = {
			isa = XCConfigurationList;
			buildConfigurations = (
				0AC76A8724365CC800325857 /* Debug */,
				0AC76A8824365CC800325857 /* Release */,
			);
			defaultConfigurationIsVisible = 0;
			defaultConfigurationName = Release;
		};
		0AC76A8924365CC800325857 /* Build configuration list for PBXNativeTarget "StalkCentralTests" */ = {
			isa = XCConfigurationList;
			buildConfigurations = (
				0AC76A8A24365CC800325857 /* Debug */,
				0AC76A8B24365CC800325857 /* Release */,
			);
			defaultConfigurationIsVisible = 0;
			defaultConfigurationName = Release;
		};
		0AC76A8C24365CC800325857 /* Build configuration list for PBXNativeTarget "StalkCentralUITests" */ = {
			isa = XCConfigurationList;
			buildConfigurations = (
				0AC76A8D24365CC800325857 /* Debug */,
				0AC76A8E24365CC800325857 /* Release */,
			);
			defaultConfigurationIsVisible = 0;
			defaultConfigurationName = Release;
		};
/* End XCConfigurationList section */
	};
	rootObject = 0AC76A5424365CC500325857 /* Project object */;
}
